{
  "requires": true,
  "lockfileVersion": 1,
  "dependencies": {
    "@types/node": {
      "version": "14.0.23",
      "resolved": "https://registry.npmjs.org/@types/node/-/node-14.0.23.tgz",
      "integrity": "sha512-Z4U8yDAl5TFkmYsZdFPdjeMa57NOvnaf1tljHzhouaPEp7LCj2JKkejpI1ODviIAQuW4CcQmxkQ77rnLsOOoKw==",
      "dev": true
    },
    "python-shell": {
      "version": "2.0.1",
      "resolved": "https://registry.npmjs.org/python-shell/-/python-shell-2.0.1.tgz",
      "integrity": "sha512-Ys+SiCinY9JrldIJxGWd2AMQSQZLU7PFzrCWY7HTawZ73tIthFdlLLU1Y6Y40Hwdutc+TmfMe5TXNU73s07Xyg=="
    }
  }
}
